
Microsoft Visual Studio Solution File, Format Version 12.00
# Visual Studio Version 17
VisualStudioVersion = 17.5.33103.201
MinimumVisualStudioVersion = 10.0.40219.1
Project("{FAE04EC0-301F-11D3-BF4B-00C04F79EFBC}") = "linkedlistMXH", "linkedlistMXH\linkedlistMXH.csproj", "{F963A682-00BC-4295-87D5-CDA4FD7E9351}"
EndProject
Global
	GlobalSection(SolutionConfigurationPlatforms) = preSolution
		Debug|Any CPU = Debug|Any CPU
		Release|Any CPU = Release|Any CPU
	EndGlobalSection
	GlobalSection(ProjectConfigurationPlatforms) = postSolution
		{F963A682-00BC-4295-87D5-CDA4FD7E9351}.Debug|Any CPU.ActiveCfg = Debug|Any CPU
		{F963A682-00BC-4295-87D5-CDA4FD7E9351}.Debug|Any CPU.Build.0 = Debug|Any CPU
		{F963A682-00BC-4295-87D5-CDA4FD7E9351}.Release|Any CPU.ActiveCfg = Release|Any CPU
		{F963A682-00BC-4295-87D5-CDA4FD7E9351}.Release|Any CPU.Build.0 = Release|Any CPU
	EndGlobalSection
	GlobalSection(SolutionProperties) = preSolution
		HideSolutionNode = FALSE
	EndGlobalSection
	GlobalSection(ExtensibilityGlobals) = postSolution
		SolutionGuid = {C0129D4B-ADEC-4344-8108-C14714A9B503}
	EndGlobalSection
EndGlobal
